// !$*UTF8*$!
{
	archiveVersion = 1;
	classes = {
	};
	objectVersion = 46;
	objects = {

/* Begin PBXBuildFile section */
		9500C2E0169EA5A600822A56 /* UIKit.framework in Frameworks */ = {isa = PBXBuildFile; fileRef = 9500C2DF169EA5A600822A56 /* UIKit.framework */; };
		9500C2E2169EA5A600822A56 /* Foundation.framework in Frameworks */ = {isa = PBXBuildFile; fileRef = 9500C2E1169EA5A600822A56 /* Foundation.framework */; };
		9500C2E4169EA5A600822A56 /* CoreGraphics.framework in Frameworks */ = {isa = PBXBuildFile; fileRef = 9500C2E3169EA5A600822A56 /* CoreGraphics.framework */; };
		9500C2EA169EA5A600822A56 /* InfoPlist.strings in Resources */ = {isa = PBXBuildFile; fileRef = 9500C2E8169EA5A600822A56 /* InfoPlist.strings */; };
		9500C2EC169EA5A600822A56 /* main.m in Sources */ = {isa = PBXBuildFile; fileRef = 9500C2EB169EA5A600822A56 /* main.m */; };
		9500C2F0169EA5A600822A56 /* AppDelegate.m in Sources */ = {isa = PBXBuildFile; fileRef = 9500C2EF169EA5A600822A56 /* AppDelegate.m */; };
		9500C2F3169EA5A600822A56 /* MainStoryboard.storyboard in Resources */ = {isa = PBXBuildFile; fileRef = 9500C2F1169EA5A600822A56 /* MainStoryboard.storyboard */; };
		9500C2F6169EA5A600822A56 /* ViewController.m in Sources */ = {isa = PBXBuildFile; fileRef = 9500C2F5169EA5A600822A56 /* ViewController.m */; };
		9500C302169EA5D000822A56 /* UDP.c in Sources */ = {isa = PBXBuildFile; fileRef = 9500C301169EA5D000822A56 /* UDP.c */; };
/* End PBXBuildFile section */

/* Begin PBXFileReference section */
		9500C2DB169EA5A600822A56 /* iOS App.app */ = {isa = PBXFileReference; explicitFileType = wrapper.application; includeInIndex = 0; path = "iOS App.app"; sourceTree = BUILT_PRODUCTS_DIR; };
		9500C2DF169EA5A600822A56 /* UIKit.framework */ = {isa = PBXFileReference; lastKnownFileType = wrapper.framework; name = UIKit.framework; path = System/Library/Frameworks/UIKit.framework; sourceTree = SDKROOT; };
		9500C2E1169EA5A600822A56 /* Foundation.framework */ = {isa = PBXFileReference; lastKnownFileType = wrapper.framework; name = Foundation.framework; path = System/Library/Frameworks/Foundation.framework; sourceTree = SDKROOT; };
		9500C2E3169EA5A600822A56 /* CoreGraphics.framework */ = {isa = PBXFileReference; lastKnownFileType = wrapper.framework; name = CoreGraphics.framework; path = System/Library/Frameworks/CoreGraphics.framework; sourceTree = SDKROOT; };
		9500C2E7169EA5A600822A56 /* iOS App-Info.plist */ = {isa = PBXFileReference; lastKnownFileType = text.plist.xml; path = "iOS App-Info.plist"; sourceTree = "<group>"; };
		9500C2E9169EA5A600822A56 /* en */ = {isa = PBXFileReference; lastKnownFileType = text.plist.strings; name = en; path = en.lproj/InfoPlist.strings; sourceTree = "<group>"; };
		9500C2EB169EA5A600822A56 /* main.m */ = {isa = PBXFileReference; lastKnownFileType = sourcecode.c.objc; path = main.m; sourceTree = "<group>"; };
		9500C2ED169EA5A600822A56 /* iOS App-Prefix.pch */ = {isa = PBXFileReference; lastKnownFileType = sourcecode.c.h; path = "iOS App-Prefix.pch"; sourceTree = "<group>"; };
		9500C2EE169EA5A600822A56 /* AppDelegate.h */ = {isa = PBXFileReference; lastKnownFileType = sourcecode.c.h; path = AppDelegate.h; sourceTree = "<group>"; };
		9500C2EF169EA5A600822A56 /* AppDelegate.m */ = {isa = PBXFileReference; lastKnownFileType = sourcecode.c.objc; path = AppDelegate.m; sourceTree = "<group>"; };
		9500C2F2169EA5A600822A56 /* en */ = {isa = PBXFileReference; lastKnownFileType = file.storyboard; name = en; path = en.lproj/MainStoryboard.storyboard; sourceTree = "<group>"; };
		9500C2F4169EA5A600822A56 /* ViewController.h */ = {isa = PBXFileReference; lastKnownFileType = sourcecode.c.h; path = ViewController.h; sourceTree = "<group>"; };
		9500C2F5169EA5A600822A56 /* ViewController.m */ = {isa = PBXFileReference; lastKnownFileType = sourcecode.c.objc; path = ViewController.m; sourceTree = "<group>"; };
		9500C300169EA5D000822A56 /* UDP.h */ = {isa = PBXFileReference; fileEncoding = 4; lastKnownFileType = sourcecode.c.h; path = UDP.h; sourceTree = "<group>"; };
		9500C301169EA5D000822A56 /* UDP.c */ = {isa = PBXFileReference; fileEncoding = 4; lastKnownFileType = sourcecode.c.c; path = UDP.c; sourceTree = "<group>"; };
/* End PBXFileReference section */

/* Begin PBXFrameworksBuildPhase section */
		9500C2D8169EA5A600822A56 /* Frameworks */ = {
			isa = PBXFrameworksBuildPhase;
			buildActionMask = 2147483647;
			files = (
				9500C2E0169EA5A600822A56 /* UIKit.framework in Frameworks */,
				9500C2E2169EA5A600822A56 /* Foundation.framework in Frameworks */,
				9500C2E4169EA5A600822A56 /* CoreGraphics.framework in Frameworks */,
			);
			runOnlyForDeploymentPostprocessing = 0;
		};
/* End PBXFrameworksBuildPhase section */

/* Begin PBXGroup section */
		9500C2D0169EA5A600822A56 = {
			isa = PBXGroup;
			children = (
				9500C2E5169EA5A600822A56 /* iOS App */,
				9500C2DE169EA5A600822A56 /* Frameworks */,
				9500C2DC169EA5A600822A56 /* Products */,
			);
			sourceTree = "<group>";
		};
		9500C2DC169EA5A600822A56 /* Products */ = {
			isa = PBXGroup;
			children = (
				9500C2DB169EA5A600822A56 /* iOS App.app */,
			);
			name = Products;
			sourceTree = "<group>";
		};
		9500C2DE169EA5A600822A56 /* Frameworks */ = {
			isa = PBXGroup;
			children = (
				9500C2DF169EA5A600822A56 /* UIKit.framework */,
				9500C2E1169EA5A600822A56 /* Foundation.framework */,
				9500C2E3169EA5A600822A56 /* CoreGraphics.framework */,
			);
			name = Frameworks;
			sourceTree = "<group>";
		};
		9500C2E5169EA5A600822A56 /* iOS App */ = {
			isa = PBXGroup;
			children = (
				9500C2EE169EA5A600822A56 /* AppDelegate.h */,
				9500C2EF169EA5A600822A56 /* AppDelegate.m */,
				9500C2F1169EA5A600822A56 /* MainStoryboard.storyboard */,
				9500C2F4169EA5A600822A56 /* ViewController.h */,
				9500C2F5169EA5A600822A56 /* ViewController.m */,
				9500C2E6169EA5A600822A56 /* Supporting Files */,
			);
			path = "iOS App";
			sourceTree = "<group>";
		};
		9500C2E6169EA5A600822A56 /* Supporting Files */ = {
			isa = PBXGroup;
			children = (
				9500C300169EA5D000822A56 /* UDP.h */,
				9500C301169EA5D000822A56 /* UDP.c */,
				9500C2E7169EA5A600822A56 /* iOS App-Info.plist */,
				9500C2E8169EA5A600822A56 /* InfoPlist.strings */,
				9500C2EB169EA5A600822A56 /* main.m */,
				9500C2ED169EA5A600822A56 /* iOS App-Prefix.pch */,
			);
			name = "Supporting Files";
			sourceTree = "<group>";
		};
/* End PBXGroup section */

/* Begin PBXNativeTarget section */
		9500C2DA169EA5A600822A56 /* iOS App */ = {
			isa = PBXNativeTarget;
			buildConfigurationList = 9500C2F9169EA5A600822A56 /* Build configuration list for PBXNativeTarget "iOS App" */;
			buildPhases = (
				9500C2D7169EA5A600822A56 /* Sources */,
				9500C2D8169EA5A600822A56 /* Frameworks */,
				9500C2D9169EA5A600822A56 /* Resources */,
			);
			buildRules = (
			);
			dependencies = (
			);
			name = "iOS App";
			productName = "iOS App";
			productReference = 9500C2DB169EA5A600822A56 /* iOS App.app */;
			productType = "com.apple.product-type.application";
		};
/* End PBXNativeTarget section */

/* Begin PBXProject section */
		9500C2D2169EA5A600822A56 /* Project object */ = {
			isa = PBXProject;
			attributes = {
				LastUpgradeCheck = 0440;
				ORGANIZATIONNAME = Raaj;
			};
			buildConfigurationList = 9500C2D5169EA5A600822A56 /* Build configuration list for PBXProject "iOS App" */;
			compatibilityVersion = "Xcode 3.2";
			developmentRegion = English;
			hasScannedForEncodings = 0;
			knownRegions = (
				en,
			);
			mainGroup = 9500C2D0169EA5A600822A56;
			productRefGroup = 9500C2DC169EA5A600822A56 /* Products */;
			projectDirPath = "";
			projectRoot = "";
			targets = (
				9500C2DA169EA5A600822A56 /* iOS App */,
			);
		};
/* End PBXProject section */

/* Begin PBXResourcesBuildPhase section */
		9500C2D9169EA5A600822A56 /* Resources */ = {
			isa = PBXResourcesBuildPhase;
			buildActionMask = 2147483647;
			files = (
				9500C2EA169EA5A600822A56 /* InfoPlist.strings in Resources */,
				9500C2F3169EA5A600822A56 /* MainStoryboard.storyboard in Resources */,
			);
			runOnlyForDeploymentPostprocessing = 0;
		};
/* End PBXResourcesBuildPhase section */

/* Begin PBXSourcesBuildPhase section */
		9500C2D7169EA5A600822A56 /* Sources */ = {
			isa = PBXSourcesBuildPhase;
			buildActionMask = 2147483647;
			files = (
				9500C2EC169EA5A600822A56 /* main.m in Sources */,
				9500C2F0169EA5A600822A56 /* AppDelegate.m in Sources */,
				9500C2F6169EA5A600822A56 /* ViewController.m in Sources */,
				9500C302169EA5D000822A56 /* UDP.c in Sources */,
			);
			runOnlyForDeploymentPostprocessing = 0;
		};
/* End PBXSourcesBuildPhase section */

/* Begin PBXVariantGroup section */
		9500C2E8169EA5A600822A56 /* InfoPlist.strings */ = {
			isa = PBXVariantGroup;
			children = (
				9500C2E9169EA5A600822A56 /* en */,
			);
			name = InfoPlist.strings;
			sourceTree = "<group>";
		};
		9500C2F1169EA5A600822A56 /* MainStoryboard.storyboard */ = {
			isa = PBXVariantGroup;
			children = (
				9500C2F2169EA5A600822A56 /* en */,
			);
			name = MainStoryboard.storyboard;
			sourceTree = "<group>";
		};
/* End PBXVariantGroup section */

/* Begin XCBuildConfiguration section */
		9500C2F7169EA5A600822A56 /* Debug */ = {
			isa = XCBuildConfiguration;
			buildSettings = {
				ALWAYS_SEARCH_USER_PATHS = NO;
				ARCHS = "$(ARCHS_STANDARD_32_BIT)";
				CLANG_CXX_LANGUAGE_STANDARD = "gnu++0x";
				CLANG_ENABLE_OBJC_ARC = YES;
				CLANG_WARN__DUPLICATE_METHOD_MATCH = YES;
				"CODE_SIGN_IDENTITY[sdk=iphoneos*]" = "iPhone Developer";
				COPY_PHASE_STRIP = NO;
				GCC_C_LANGUAGE_STANDARD = gnu99;
				GCC_DYNAMIC_NO_PIC = NO;
				GCC_OPTIMIZATION_LEVEL = 0;
				GCC_PREPROCESSOR_DEFINITIONS = (
					"DEBUG=1",
					"$(inherited)",
				);
				GCC_SYMBOLS_PRIVATE_EXTERN = NO;
				GCC_VERSION = com.apple.compilers.llvm.clang.1_0;
				GCC_WARN_ABOUT_RETURN_TYPE = YES;
				GCC_WARN_UNINITIALIZED_AUTOS = YES;
				GCC_WARN_UNUSED_VARIABLE = YES;
				IPHONEOS_DEPLOYMENT_TARGET = 5.1;
				SDKROOT = iphoneos;
			};
			name = Debug;
		};
		9500C2F8169EA5A600822A56 /* Release */ = {
			isa = XCBuildConfiguration;
			buildSettings = {
				ALWAYS_SEARCH_USER_PATHS = NO;
				ARCHS = "$(ARCHS_STANDARD_32_BIT)";
				CLANG_CXX_LANGUAGE_STANDARD = "gnu++0x";
				CLANG_ENABLE_OBJC_ARC = YES;
				CLANG_WARN__DUPLICATE_METHOD_MATCH = YES;
				"CODE_SIGN_IDENTITY[sdk=iphoneos*]" = "iPhone Developer";
				COPY_PHASE_STRIP = YES;
				GCC_C_LANGUAGE_STANDARD = gnu99;
				GCC_VERSION = com.apple.compilers.llvm.clang.1_0;
				GCC_WARN_ABOUT_RETURN_TYPE = YES;
				GCC_WARN_UNINITIALIZED_AUTOS = YES;
				GCC_WARN_UNUSED_VARIABLE = YES;
				IPHONEOS_DEPLOYMENT_TARGET = 5.1;
				OTHER_CFLAGS = "-DNS_BLOCK_ASSERTIONS=1";
				SDKROOT = iphoneos;
				VALIDATE_PRODUCT = YES;
			};
			name = Release;
		};
		9500C2FA169EA5A600822A56 /* Debug */ = {
			isa = XCBuildConfiguration;
			buildSettings = {
				GCC_PRECOMPILE_PREFIX_HEADER = YES;
				GCC_PREFIX_HEADER = "iOS App/iOS App-Prefix.pch";
				INFOPLIST_FILE = "iOS App/iOS App-Info.plist";
				PRODUCT_NAME = "$(TARGET_NAME)";
				WRAPPER_EXTENSION = app;
			};
			name = Debug;
		};
		9500C2FB169EA5A600822A56 /* Release */ = {
			isa = XCBuildConfiguration;
			buildSettings = {
				GCC_PRECOMPILE_PREFIX_HEADER = YES;
				GCC_PREFIX_HEADER = "iOS App/iOS App-Prefix.pch";
				INFOPLIST_FILE = "iOS App/iOS App-Info.plist";
				PRODUCT_NAME = "$(TARGET_NAME)";
				WRAPPER_EXTENSION = app;
			};
			name = Release;
		};
/* End XCBuildConfiguration section */

/* Begin XCConfigurationList section */
		9500C2D5169EA5A600822A56 /* Build configuration list for PBXProject "iOS App" */ = {
			isa = XCConfigurationList;
			buildConfigurations = (
				9500C2F7169EA5A600822A56 /* Debug */,
				9500C2F8169EA5A600822A56 /* Release */,
			);
			defaultConfigurationIsVisible = 0;
			defaultConfigurationName = Release;
		};
		9500C2F9169EA5A600822A56 /* Build configuration list for PBXNativeTarget "iOS App" */ = {
			isa = XCConfigurationList;
			buildConfigurations = (
				9500C2FA169EA5A600822A56 /* Debug */,
				9500C2FB169EA5A600822A56 /* Release */,
			);
			defaultConfigurationIsVisible = 0;
		};
/* End XCConfigurationList section */
	};
	rootObject = 9500C2D2169EA5A600822A56 /* Project object */;
}
